// !$*UTF8*$!
{
	archiveVersion = 1;
	classes = {
	};
	objectVersion = 48;
	objects = {

/* Begin PBXBuildFile section */
		39FBD85475B5C73C4437DA57 /* Pods_Lexical.framework in Frameworks */ = {isa = PBXBuildFile; fileRef = 56BC7653B8608D9B0373729F /* Pods_Lexical.framework */; };
		F40D568D1F88B5F70020CC54 /* ByTheWayViewController.swift in Sources */ = {isa = PBXBuildFile; fileRef = F40D568C1F88B5F70020CC54 /* ByTheWayViewController.swift */; };
		F42C30201F7EF4A9005E8E27 /* MenuTableViewCell.swift in Sources */ = {isa = PBXBuildFile; fileRef = F42C301F1F7EF4A9005E8E27 /* MenuTableViewCell.swift */; };
		F42C30281F7F0BC6005E8E27 /* Localizable.strings in Resources */ = {isa = PBXBuildFile; fileRef = F42C302A1F7F0BC6005E8E27 /* Localizable.strings */; };
		F46AC67A1F7F7AD800C7B3CB /* SWRevealViewController.m in Sources */ = {isa = PBXBuildFile; fileRef = F46AC6791F7F7AD800C7B3CB /* SWRevealViewController.m */; };
		F4790A101F80043F008218EB /* Lexical.xcdatamodeld in Sources */ = {isa = PBXBuildFile; fileRef = F4790A0E1F80043F008218EB /* Lexical.xcdatamodeld */; };
		F4933BCD1F88F0DE00B9FD37 /* UIScrollViewExtension.swift in Sources */ = {isa = PBXBuildFile; fileRef = F4933BCC1F88F0DE00B9FD37 /* UIScrollViewExtension.swift */; };
		F499589D1F892D69000C6CCD /* AddThemeViewController.swift in Sources */ = {isa = PBXBuildFile; fileRef = F499589C1F892D69000C6CCD /* AddThemeViewController.swift */; };
		F49A0F931F7EE230009EAF4D /* AppDelegate.swift in Sources */ = {isa = PBXBuildFile; fileRef = F49A0F921F7EE230009EAF4D /* AppDelegate.swift */; };
		F49A0F9D1F7EE230009EAF4D /* Assets.xcassets in Resources */ = {isa = PBXBuildFile; fileRef = F49A0F9C1F7EE230009EAF4D /* Assets.xcassets */; };
		F49A0FA01F7EE230009EAF4D /* LaunchScreen.storyboard in Resources */ = {isa = PBXBuildFile; fileRef = F49A0F9E1F7EE230009EAF4D /* LaunchScreen.storyboard */; };
		F49AC38D1F86B04B00A0AC38 /* iCarousel.m in Sources */ = {isa = PBXBuildFile; fileRef = F49AC38C1F86B04B00A0AC38 /* iCarousel.m */; };
		F49AC38E1F86D27000A0AC38 /* DLRadioButton.framework in Frameworks */ = {isa = PBXBuildFile; fileRef = F49AC38F1F86D27000A0AC38 /* DLRadioButton.framework */; };
		F4A6BBD91F7F9AB500CF9554 /* Main.storyboard in Resources */ = {isa = PBXBuildFile; fileRef = F46AC67C1F7F8F9700C7B3CB /* Main.storyboard */; };
		F4A6BBE71F7FA1EB00CF9554 /* Default-568h@2x.png in Resources */ = {isa = PBXBuildFile; fileRef = F4A6BBE61F7FA1EA00CF9554 /* Default-568h@2x.png */; };
		F4A6BBE81F7FA25100CF9554 /* Info.plist in Resources */ = {isa = PBXBuildFile; fileRef = F4A6BBE21F7FA0FA00CF9554 /* Info.plist */; };
		F4D7FA281F8A1D8B0022086F /* AddSubThemeViewController.swift in Sources */ = {isa = PBXBuildFile; fileRef = F4D7FA271F8A1D8B0022086F /* AddSubThemeViewController.swift */; };
		F4D7FA2A1F8A256A0022086F /* AddWordViewController.swift in Sources */ = {isa = PBXBuildFile; fileRef = F4D7FA291F8A256A0022086F /* AddWordViewController.swift */; };
		F4F02B171F80F5C2005DC869 /* UIImageExtension.swift in Sources */ = {isa = PBXBuildFile; fileRef = F4F02B161F80F5C2005DC869 /* UIImageExtension.swift */; };
		F4F2863A1F7FE3360008F2EE /* AddListViewController.swift in Sources */ = {isa = PBXBuildFile; fileRef = F4F286361F7FE3350008F2EE /* AddListViewController.swift */; };
		F4F2863B1F7FE3360008F2EE /* MenuViewController.swift in Sources */ = {isa = PBXBuildFile; fileRef = F4F286371F7FE3350008F2EE /* MenuViewController.swift */; };
		F4F2863C1F7FE3360008F2EE /* HomeViewController.swift in Sources */ = {isa = PBXBuildFile; fileRef = F4F286381F7FE3350008F2EE /* HomeViewController.swift */; };
		F4F2863D1F7FE3360008F2EE /* PresentationViewController.swift in Sources */ = {isa = PBXBuildFile; fileRef = F4F286391F7FE3350008F2EE /* PresentationViewController.swift */; };
/* End PBXBuildFile section */

/* Begin PBXFileReference section */
		56BC7653B8608D9B0373729F /* Pods_Lexical.framework */ = {isa = PBXFileReference; explicitFileType = wrapper.framework; includeInIndex = 0; path = Pods_Lexical.framework; sourceTree = BUILT_PRODUCTS_DIR; };
		9BA0335458B20888E42D1F73 /* Pods-Lexical.release.xcconfig */ = {isa = PBXFileReference; includeInIndex = 1; lastKnownFileType = text.xcconfig; name = "Pods-Lexical.release.xcconfig"; path = "Pods/Target Support Files/Pods-Lexical/Pods-Lexical.release.xcconfig"; sourceTree = "<group>"; };
		C81023CC5E3A59F7B4EEB912 /* Pods-Lexical.debug.xcconfig */ = {isa = PBXFileReference; includeInIndex = 1; lastKnownFileType = text.xcconfig; name = "Pods-Lexical.debug.xcconfig"; path = "Pods/Target Support Files/Pods-Lexical/Pods-Lexical.debug.xcconfig"; sourceTree = "<group>"; };
		F40D568C1F88B5F70020CC54 /* ByTheWayViewController.swift */ = {isa = PBXFileReference; lastKnownFileType = sourcecode.swift; path = ByTheWayViewController.swift; sourceTree = "<group>"; };
		F42C301F1F7EF4A9005E8E27 /* MenuTableViewCell.swift */ = {isa = PBXFileReference; lastKnownFileType = sourcecode.swift; path = MenuTableViewCell.swift; sourceTree = "<group>"; };
		F42C30291F7F0BC6005E8E27 /* en */ = {isa = PBXFileReference; lastKnownFileType = text.plist.strings; name = en; path = en.lproj/Localizable.strings; sourceTree = "<group>"; };
		F46AC6781F7F77E900C7B3CB /* Lexical-Bridging-Header.h */ = {isa = PBXFileReference; lastKnownFileType = sourcecode.c.h; path = "Lexical-Bridging-Header.h"; sourceTree = "<group>"; };
		F46AC6791F7F7AD800C7B3CB /* SWRevealViewController.m */ = {isa = PBXFileReference; lastKnownFileType = sourcecode.c.objc; path = SWRevealViewController.m; sourceTree = "<group>"; };
		F46AC67D1F7F8F9700C7B3CB /* Base */ = {isa = PBXFileReference; lastKnownFileType = file.storyboard; name = Base; path = Base.lproj/Main.storyboard; sourceTree = "<group>"; };
		F4790A0F1F80043F008218EB /* Lexical.xcdatamodel */ = {isa = PBXFileReference; lastKnownFileType = wrapper.xcdatamodel; path = Lexical.xcdatamodel; sourceTree = "<group>"; };
		F4790A141F800F61008218EB /* en */ = {isa = PBXFileReference; lastKnownFileType = text.plist.strings; name = en; path = en.lproj/Main.strings; sourceTree = "<group>"; };
		F4933BCC1F88F0DE00B9FD37 /* UIScrollViewExtension.swift */ = {isa = PBXFileReference; lastKnownFileType = sourcecode.swift; path = UIScrollViewExtension.swift; sourceTree = "<group>"; };
		F499589C1F892D69000C6CCD /* AddThemeViewController.swift */ = {isa = PBXFileReference; lastKnownFileType = sourcecode.swift; path = AddThemeViewController.swift; sourceTree = "<group>"; };
		F49A0F8F1F7EE230009EAF4D /* Lexical.app */ = {isa = PBXFileReference; explicitFileType = wrapper.application; includeInIndex = 0; path = Lexical.app; sourceTree = BUILT_PRODUCTS_DIR; };
		F49A0F921F7EE230009EAF4D /* AppDelegate.swift */ = {isa = PBXFileReference; lastKnownFileType = sourcecode.swift; path = AppDelegate.swift; sourceTree = "<group>"; };
		F49A0F9C1F7EE230009EAF4D /* Assets.xcassets */ = {isa = PBXFileReference; lastKnownFileType = folder.assetcatalog; path = Assets.xcassets; sourceTree = "<group>"; };
		F49A0F9F1F7EE230009EAF4D /* Base */ = {isa = PBXFileReference; lastKnownFileType = file.storyboard; name = Base; path = Base.lproj/LaunchScreen.storyboard; sourceTree = "<group>"; };
		F49AC38B1F86B04B00A0AC38 /* iCarousel.h */ = {isa = PBXFileReference; lastKnownFileType = sourcecode.c.h; path = iCarousel.h; sourceTree = "<group>"; };
		F49AC38C1F86B04B00A0AC38 /* iCarousel.m */ = {isa = PBXFileReference; lastKnownFileType = sourcecode.c.objc; path = iCarousel.m; sourceTree = "<group>"; };
		F49AC38F1F86D27000A0AC38 /* DLRadioButton.framework */ = {isa = PBXFileReference; explicitFileType = wrapper.framework; path = DLRadioButton.framework; sourceTree = BUILT_PRODUCTS_DIR; };
		F4A6BBDE1F7FA04800CF9554 /* fr */ = {isa = PBXFileReference; lastKnownFileType = text.plist.strings; name = fr; path = fr.lproj/Main.strings; sourceTree = "<group>"; };
		F4A6BBDF1F7FA08400CF9554 /* fr */ = {isa = PBXFileReference; lastKnownFileType = text.plist.strings; name = fr; path = fr.lproj/Localizable.strings; sourceTree = "<group>"; };
		F4A6BBE11F7FA0FA00CF9554 /* fr */ = {isa = PBXFileReference; lastKnownFileType = text.plist.xml; name = fr; path = fr.lproj/Info.plist; sourceTree = "<group>"; };
		F4A6BBE31F7FA10800CF9554 /* en */ = {isa = PBXFileReference; lastKnownFileType = text.plist.xml; name = en; path = en.lproj/Info.plist; sourceTree = "<group>"; };
		F4A6BBE61F7FA1EA00CF9554 /* Default-568h@2x.png */ = {isa = PBXFileReference; lastKnownFileType = image.png; path = "Default-568h@2x.png"; sourceTree = "<group>"; };
		F4D7FA271F8A1D8B0022086F /* AddSubThemeViewController.swift */ = {isa = PBXFileReference; lastKnownFileType = sourcecode.swift; path = AddSubThemeViewController.swift; sourceTree = "<group>"; };
		F4D7FA291F8A256A0022086F /* AddWordViewController.swift */ = {isa = PBXFileReference; lastKnownFileType = sourcecode.swift; path = AddWordViewController.swift; sourceTree = "<group>"; };
		F4F02B161F80F5C2005DC869 /* UIImageExtension.swift */ = {isa = PBXFileReference; lastKnownFileType = sourcecode.swift; path = UIImageExtension.swift; sourceTree = "<group>"; };
		F4F286361F7FE3350008F2EE /* AddListViewController.swift */ = {isa = PBXFileReference; fileEncoding = 4; lastKnownFileType = sourcecode.swift; path = AddListViewController.swift; sourceTree = "<group>"; };
		F4F286371F7FE3350008F2EE /* MenuViewController.swift */ = {isa = PBXFileReference; fileEncoding = 4; lastKnownFileType = sourcecode.swift; path = MenuViewController.swift; sourceTree = "<group>"; };
		F4F286381F7FE3350008F2EE /* HomeViewController.swift */ = {isa = PBXFileReference; fileEncoding = 4; lastKnownFileType = sourcecode.swift; path = HomeViewController.swift; sourceTree = "<group>"; };
		F4F286391F7FE3350008F2EE /* PresentationViewController.swift */ = {isa = PBXFileReference; fileEncoding = 4; lastKnownFileType = sourcecode.swift; path = PresentationViewController.swift; sourceTree = "<group>"; };
		F4F517801F7F779A009264D8 /* SWRevealViewController.h */ = {isa = PBXFileReference; lastKnownFileType = sourcecode.c.h; path = SWRevealViewController.h; sourceTree = "<group>"; };
/* End PBXFileReference section */

/* Begin PBXFrameworksBuildPhase section */
		F49A0F8C1F7EE230009EAF4D /* Frameworks */ = {
			isa = PBXFrameworksBuildPhase;
			buildActionMask = 2147483647;
			files = (
				F49AC38E1F86D27000A0AC38 /* DLRadioButton.framework in Frameworks */,
				39FBD85475B5C73C4437DA57 /* Pods_Lexical.framework in Frameworks */,
			);
			runOnlyForDeploymentPostprocessing = 0;
		};
/* End PBXFrameworksBuildPhase section */

/* Begin PBXGroup section */
		1DF5F9519CAEF2EC660B76ED /* Pods */ = {
			isa = PBXGroup;
			children = (
				C81023CC5E3A59F7B4EEB912 /* Pods-Lexical.debug.xcconfig */,
				9BA0335458B20888E42D1F73 /* Pods-Lexical.release.xcconfig */,
			);
			name = Pods;
			sourceTree = "<group>";
		};
		E2ED47147AAE41ACAB52706F /* Frameworks */ = {
			isa = PBXGroup;
			children = (
				F49AC38F1F86D27000A0AC38 /* DLRadioButton.framework */,
				56BC7653B8608D9B0373729F /* Pods_Lexical.framework */,
			);
			name = Frameworks;
			sourceTree = "<group>";
		};
		F42C30251F7F0B34005E8E27 /* Internalization */ = {
			isa = PBXGroup;
			children = (
				F42C302A1F7F0BC6005E8E27 /* Localizable.strings */,
			);
			path = Internalization;
			sourceTree = "<group>";
		};
		F4910F521F843199003EE16C /* SubClassSwift */ = {
			isa = PBXGroup;
			children = (
			);
			path = SubClassSwift;
			sourceTree = "<group>";
		};
		F49A0F861F7EE230009EAF4D = {
			isa = PBXGroup;
			children = (
				F4A6BBE61F7FA1EA00CF9554 /* Default-568h@2x.png */,
				F49A0F911F7EE230009EAF4D /* Lexical */,
				F49A0F901F7EE230009EAF4D /* Products */,
				E2ED47147AAE41ACAB52706F /* Frameworks */,
				1DF5F9519CAEF2EC660B76ED /* Pods */,
			);
			sourceTree = "<group>";
		};
		F49A0F901F7EE230009EAF4D /* Products */ = {
			isa = PBXGroup;
			children = (
				F49A0F8F1F7EE230009EAF4D /* Lexical.app */,
			);
			name = Products;
			sourceTree = "<group>";
		};
		F49A0F911F7EE230009EAF4D /* Lexical */ = {
			isa = PBXGroup;
			children = (
				F4910F521F843199003EE16C /* SubClassSwift */,
				F4F02B151F80F5AF005DC869 /* Extension */,
				F4790A0E1F80043F008218EB /* Lexical.xcdatamodeld */,
				F4A2F8721F7F73F90082254E /* Controller */,
				F4A00F1E1F7FE48500EDCFBB /* Libraries */,
				F4A2F8731F7F74040082254E /* Model */,
				F42C30251F7F0B34005E8E27 /* Internalization */,
				F4A00F1F1F7FE49E00EDCFBB /* Delegate */,
				F46AC67C1F7F8F9700C7B3CB /* Main.storyboard */,
				F49A0F9E1F7EE230009EAF4D /* LaunchScreen.storyboard */,
				F4A6BBE21F7FA0FA00CF9554 /* Info.plist */,
				F49A0F9C1F7EE230009EAF4D /* Assets.xcassets */,
			);
			path = Lexical;
			sourceTree = "<group>";
		};
		F4A00F1E1F7FE48500EDCFBB /* Libraries */ = {
			isa = PBXGroup;
			children = (
				F49AC38B1F86B04B00A0AC38 /* iCarousel.h */,
				F49AC38C1F86B04B00A0AC38 /* iCarousel.m */,
				F46AC6781F7F77E900C7B3CB /* Lexical-Bridging-Header.h */,
				F46AC6791F7F7AD800C7B3CB /* SWRevealViewController.m */,
				F4F517801F7F779A009264D8 /* SWRevealViewController.h */,
			);
			path = Libraries;
			sourceTree = "<group>";
		};
		F4A00F1F1F7FE49E00EDCFBB /* Delegate */ = {
			isa = PBXGroup;
			children = (
				F49A0F921F7EE230009EAF4D /* AppDelegate.swift */,
			);
			path = Delegate;
			sourceTree = "<group>";
		};
		F4A2F8721F7F73F90082254E /* Controller */ = {
			isa = PBXGroup;
			children = (
				F42C301F1F7EF4A9005E8E27 /* MenuTableViewCell.swift */,
				F4F286371F7FE3350008F2EE /* MenuViewController.swift */,
				F4F286361F7FE3350008F2EE /* AddListViewController.swift */,
				F4F286391F7FE3350008F2EE /* PresentationViewController.swift */,
				F4F286381F7FE3350008F2EE /* HomeViewController.swift */,
				F40D568C1F88B5F70020CC54 /* ByTheWayViewController.swift */,
				F499589C1F892D69000C6CCD /* AddThemeViewController.swift */,
				F4D7FA271F8A1D8B0022086F /* AddSubThemeViewController.swift */,
				F4D7FA291F8A256A0022086F /* AddWordViewController.swift */,
			);
			path = Controller;
			sourceTree = "<group>";
		};
		F4A2F8731F7F74040082254E /* Model */ = {
			isa = PBXGroup;
			children = (
			);
			path = Model;
			sourceTree = "<group>";
		};
		F4F02B151F80F5AF005DC869 /* Extension */ = {
			isa = PBXGroup;
			children = (
				F4F02B161F80F5C2005DC869 /* UIImageExtension.swift */,
				F4933BCC1F88F0DE00B9FD37 /* UIScrollViewExtension.swift */,
			);
			path = Extension;
			sourceTree = "<group>";
		};
/* End PBXGroup section */

/* Begin PBXNativeTarget section */
		F49A0F8E1F7EE230009EAF4D /* Lexical */ = {
			isa = PBXNativeTarget;
			buildConfigurationList = F49A0FA41F7EE230009EAF4D /* Build configuration list for PBXNativeTarget "Lexical" */;
			buildPhases = (
				1474E04B99575946168DFB66 /* [CP] Check Pods Manifest.lock */,
				F49A0F8B1F7EE230009EAF4D /* Sources */,
				F49A0F8C1F7EE230009EAF4D /* Frameworks */,
				F49A0F8D1F7EE230009EAF4D /* Resources */,
				FB0FEB449542DA97AFE2917F /* [CP] Embed Pods Frameworks */,
				EB279BB4B1362334D5DA6DC6 /* [CP] Copy Pods Resources */,
			);
			buildRules = (
			);
			dependencies = (
			);
			name = Lexical;
			productName = Lexical;
			productReference = F49A0F8F1F7EE230009EAF4D /* Lexical.app */;
			productType = "com.apple.product-type.application";
		};
/* End PBXNativeTarget section */

/* Begin PBXProject section */
		F49A0F871F7EE230009EAF4D /* Project object */ = {
			isa = PBXProject;
			attributes = {
				LastSwiftUpdateCheck = 0900;
				LastUpgradeCheck = 0900;
				ORGANIZATIONNAME = "Floriane Sanchis";
				TargetAttributes = {
					F49A0F8E1F7EE230009EAF4D = {
						CreatedOnToolsVersion = 9.0;
						LastSwiftMigration = 0900;
						ProvisioningStyle = Automatic;
					};
				};
			};
			buildConfigurationList = F49A0F8A1F7EE230009EAF4D /* Build configuration list for PBXProject "Lexical" */;
			compatibilityVersion = "Xcode 8.0";
			developmentRegion = en;
			hasScannedForEncodings = 0;
			knownRegions = (
				en,
				Base,
				fr,
			);
			mainGroup = F49A0F861F7EE230009EAF4D;
			productRefGroup = F49A0F901F7EE230009EAF4D /* Products */;
			projectDirPath = "";
			projectRoot = "";
			targets = (
				F49A0F8E1F7EE230009EAF4D /* Lexical */,
			);
		};
/* End PBXProject section */

/* Begin PBXResourcesBuildPhase section */
		F49A0F8D1F7EE230009EAF4D /* Resources */ = {
			isa = PBXResourcesBuildPhase;
			buildActionMask = 2147483647;
			files = (
				F4A6BBE81F7FA25100CF9554 /* Info.plist in Resources */,
				F4A6BBD91F7F9AB500CF9554 /* Main.storyboard in Resources */,
				F49A0FA01F7EE230009EAF4D /* LaunchScreen.storyboard in Resources */,
				F42C30281F7F0BC6005E8E27 /* Localizable.strings in Resources */,
				F4A6BBE71F7FA1EB00CF9554 /* Default-568h@2x.png in Resources */,
				F49A0F9D1F7EE230009EAF4D /* Assets.xcassets in Resources */,
			);
			runOnlyForDeploymentPostprocessing = 0;
		};
/* End PBXResourcesBuildPhase section */

/* Begin PBXShellScriptBuildPhase section */
		1474E04B99575946168DFB66 /* [CP] Check Pods Manifest.lock */ = {
			isa = PBXShellScriptBuildPhase;
			buildActionMask = 2147483647;
			files = (
			);
			inputPaths = (
				"${PODS_PODFILE_DIR_PATH}/Podfile.lock",
				"${PODS_ROOT}/Manifest.lock",
			);
			name = "[CP] Check Pods Manifest.lock";
			outputPaths = (
				"$(DERIVED_FILE_DIR)/Pods-Lexical-checkManifestLockResult.txt",
			);
			runOnlyForDeploymentPostprocessing = 0;
			shellPath = /bin/sh;
			shellScript = "diff \"${PODS_PODFILE_DIR_PATH}/Podfile.lock\" \"${PODS_ROOT}/Manifest.lock\" > /dev/null\nif [ $? != 0 ] ; then\n    # print error to STDERR\n    echo \"error: The sandbox is not in sync with the Podfile.lock. Run 'pod install' or update your CocoaPods installation.\" >&2\n    exit 1\nfi\n# This output is used by Xcode 'outputs' to avoid re-running this script phase.\necho \"SUCCESS\" > \"${SCRIPT_OUTPUT_FILE_0}\"\n";
			showEnvVarsInLog = 0;
		};
		EB279BB4B1362334D5DA6DC6 /* [CP] Copy Pods Resources */ = {
			isa = PBXShellScriptBuildPhase;
			buildActionMask = 2147483647;
			files = (
			);
			inputPaths = (
			);
			name = "[CP] Copy Pods Resources";
			outputPaths = (
			);
			runOnlyForDeploymentPostprocessing = 0;
			shellPath = /bin/sh;
			shellScript = "\"${SRCROOT}/Pods/Target Support Files/Pods-Lexical/Pods-Lexical-resources.sh\"\n";
			showEnvVarsInLog = 0;
		};
		FB0FEB449542DA97AFE2917F /* [CP] Embed Pods Frameworks */ = {
			isa = PBXShellScriptBuildPhase;
			buildActionMask = 2147483647;
			files = (
			);
			inputPaths = (
				"${SRCROOT}/Pods/Target Support Files/Pods-Lexical/Pods-Lexical-frameworks.sh",
				"${BUILT_PRODUCTS_DIR}/DLRadioButton/DLRadioButton.framework",
			);
			name = "[CP] Embed Pods Frameworks";
			outputPaths = (
				"${TARGET_BUILD_DIR}/${FRAMEWORKS_FOLDER_PATH}/DLRadioButton.framework",
			);
			runOnlyForDeploymentPostprocessing = 0;
			shellPath = /bin/sh;
			shellScript = "\"${SRCROOT}/Pods/Target Support Files/Pods-Lexical/Pods-Lexical-frameworks.sh\"\n";
			showEnvVarsInLog = 0;
		};
/* End PBXShellScriptBuildPhase section */

/* Begin PBXSourcesBuildPhase section */
		F49A0F8B1F7EE230009EAF4D /* Sources */ = {
			isa = PBXSourcesBuildPhase;
			buildActionMask = 2147483647;
			files = (
				F4F2863B1F7FE3360008F2EE /* MenuViewController.swift in Sources */,
				F4D7FA281F8A1D8B0022086F /* AddSubThemeViewController.swift in Sources */,
				F4F2863A1F7FE3360008F2EE /* AddListViewController.swift in Sources */,
				F4F2863D1F7FE3360008F2EE /* PresentationViewController.swift in Sources */,
				F4F2863C1F7FE3360008F2EE /* HomeViewController.swift in Sources */,
				F4D7FA2A1F8A256A0022086F /* AddWordViewController.swift in Sources */,
				F42C30201F7EF4A9005E8E27 /* MenuTableViewCell.swift in Sources */,
				F4F02B171F80F5C2005DC869 /* UIImageExtension.swift in Sources */,
				F49A0F931F7EE230009EAF4D /* AppDelegate.swift in Sources */,
				F40D568D1F88B5F70020CC54 /* ByTheWayViewController.swift in Sources */,
				F49AC38D1F86B04B00A0AC38 /* iCarousel.m in Sources */,
				F4790A101F80043F008218EB /* Lexical.xcdatamodeld in Sources */,
				F46AC67A1F7F7AD800C7B3CB /* SWRevealViewController.m in Sources */,
				F4933BCD1F88F0DE00B9FD37 /* UIScrollViewExtension.swift in Sources */,
				F499589D1F892D69000C6CCD /* AddThemeViewController.swift in Sources */,
			);
			runOnlyForDeploymentPostprocessing = 0;
		};
/* End PBXSourcesBuildPhase section */

/* Begin PBXVariantGroup section */
		F42C302A1F7F0BC6005E8E27 /* Localizable.strings */ = {
			isa = PBXVariantGroup;
			children = (
				F42C30291F7F0BC6005E8E27 /* en */,
				F4A6BBDF1F7FA08400CF9554 /* fr */,
			);
			name = Localizable.strings;
			sourceTree = "<group>";
		};
		F46AC67C1F7F8F9700C7B3CB /* Main.storyboard */ = {
			isa = PBXVariantGroup;
			children = (
				F46AC67D1F7F8F9700C7B3CB /* Base */,
				F4A6BBDE1F7FA04800CF9554 /* fr */,
				F4790A141F800F61008218EB /* en */,
			);
			name = Main.storyboard;
			sourceTree = "<group>";
		};
		F49A0F9E1F7EE230009EAF4D /* LaunchScreen.storyboard */ = {
			isa = PBXVariantGroup;
			children = (
				F49A0F9F1F7EE230009EAF4D /* Base */,
			);
			name = LaunchScreen.storyboard;
			sourceTree = "<group>";
		};
		F4A6BBE21F7FA0FA00CF9554 /* Info.plist */ = {
			isa = PBXVariantGroup;
			children = (
				F4A6BBE11F7FA0FA00CF9554 /* fr */,
				F4A6BBE31F7FA10800CF9554 /* en */,
			);
			name = Info.plist;
			sourceTree = "<group>";
		};
/* End PBXVariantGroup section */

/* Begin XCBuildConfiguration section */
		F49A0FA21F7EE230009EAF4D /* Debug */ = {
			isa = XCBuildConfiguration;
			buildSettings = {
				ALWAYS_SEARCH_USER_PATHS = NO;
				CLANG_ANALYZER_LOCALIZABILITY_NONLOCALIZED = YES;
				CLANG_ANALYZER_NONNULL = YES;
				CLANG_ANALYZER_NUMBER_OBJECT_CONVERSION = YES_AGGRESSIVE;
				CLANG_CXX_LANGUAGE_STANDARD = "gnu++14";
				CLANG_CXX_LIBRARY = "libc++";
				CLANG_ENABLE_MODULES = YES;
				CLANG_ENABLE_OBJC_ARC = YES;
				CLANG_WARN_BLOCK_CAPTURE_AUTORELEASING = YES;
				CLANG_WARN_BOOL_CONVERSION = YES;
				CLANG_WARN_COMMA = YES;
				CLANG_WARN_CONSTANT_CONVERSION = YES;
				CLANG_WARN_DIRECT_OBJC_ISA_USAGE = YES_ERROR;
				CLANG_WARN_DOCUMENTATION_COMMENTS = YES;
				CLANG_WARN_EMPTY_BODY = YES;
				CLANG_WARN_ENUM_CONVERSION = YES;
				CLANG_WARN_INFINITE_RECURSION = YES;
				CLANG_WARN_INT_CONVERSION = YES;
				CLANG_WARN_NON_LITERAL_NULL_CONVERSION = YES;
				CLANG_WARN_OBJC_LITERAL_CONVERSION = YES;
				CLANG_WARN_OBJC_ROOT_CLASS = YES_ERROR;
				CLANG_WARN_RANGE_LOOP_ANALYSIS = YES;
				CLANG_WARN_STRICT_PROTOTYPES = YES;
				CLANG_WARN_SUSPICIOUS_MOVE = YES;
				CLANG_WARN_UNGUARDED_AVAILABILITY = YES_AGGRESSIVE;
				CLANG_WARN_UNREACHABLE_CODE = YES;
				CLANG_WARN__DUPLICATE_METHOD_MATCH = YES;
				CODE_SIGN_IDENTITY = "iPhone Developer";
				COPY_PHASE_STRIP = NO;
				DEBUG_INFORMATION_FORMAT = dwarf;
				ENABLE_STRICT_OBJC_MSGSEND = YES;
				ENABLE_TESTABILITY = YES;
				GCC_C_LANGUAGE_STANDARD = gnu11;
				GCC_DYNAMIC_NO_PIC = NO;
				GCC_NO_COMMON_BLOCKS = YES;
				GCC_OPTIMIZATION_LEVEL = 0;
				GCC_PREPROCESSOR_DEFINITIONS = (
					"DEBUG=1",
					"$(inherited)",
				);
				GCC_WARN_64_TO_32_BIT_CONVERSION = YES;
				GCC_WARN_ABOUT_RETURN_TYPE = YES_ERROR;
				GCC_WARN_UNDECLARED_SELECTOR = YES;
				GCC_WARN_UNINITIALIZED_AUTOS = YES_AGGRESSIVE;
				GCC_WARN_UNUSED_FUNCTION = YES;
				GCC_WARN_UNUSED_VARIABLE = YES;
				IPHONEOS_DEPLOYMENT_TARGET = 11.0;
				MTL_ENABLE_DEBUG_INFO = YES;
				ONLY_ACTIVE_ARCH = YES;
				SDKROOT = iphoneos;
				SWIFT_ACTIVE_COMPILATION_CONDITIONS = DEBUG;
				SWIFT_OPTIMIZATION_LEVEL = "-Onone";
			};
			name = Debug;
		};
		F49A0FA31F7EE230009EAF4D /* Release */ = {
			isa = XCBuildConfiguration;
			buildSettings = {
				ALWAYS_SEARCH_USER_PATHS = NO;
				CLANG_ANALYZER_LOCALIZABILITY_NONLOCALIZED = YES;
				CLANG_ANALYZER_NONNULL = YES;
				CLANG_ANALYZER_NUMBER_OBJECT_CONVERSION = YES_AGGRESSIVE;
				CLANG_CXX_LANGUAGE_STANDARD = "gnu++14";
				CLANG_CXX_LIBRARY = "libc++";
				CLANG_ENABLE_MODULES = YES;
				CLANG_ENABLE_OBJC_ARC = YES;
				CLANG_WARN_BLOCK_CAPTURE_AUTORELEASING = YES;
				CLANG_WARN_BOOL_CONVERSION = YES;
				CLANG_WARN_COMMA = YES;
				CLANG_WARN_CONSTANT_CONVERSION = YES;
				CLANG_WARN_DIRECT_OBJC_ISA_USAGE = YES_ERROR;
				CLANG_WARN_DOCUMENTATION_COMMENTS = YES;
				CLANG_WARN_EMPTY_BODY = YES;
				CLANG_WARN_ENUM_CONVERSION = YES;
				CLANG_WARN_INFINITE_RECURSION = YES;
				CLANG_WARN_INT_CONVERSION = YES;
				CLANG_WARN_NON_LITERAL_NULL_CONVERSION = YES;
				CLANG_WARN_OBJC_LITERAL_CONVERSION = YES;
				CLANG_WARN_OBJC_ROOT_CLASS = YES_ERROR;
				CLANG_WARN_RANGE_LOOP_ANALYSIS = YES;
				CLANG_WARN_STRICT_PROTOTYPES = YES;
				CLANG_WARN_SUSPICIOUS_MOVE = YES;
				CLANG_WARN_UNGUARDED_AVAILABILITY = YES_AGGRESSIVE;
				CLANG_WARN_UNREACHABLE_CODE = YES;
				CLANG_WARN__DUPLICATE_METHOD_MATCH = YES;
				CODE_SIGN_IDENTITY = "iPhone Developer";
				COPY_PHASE_STRIP = NO;
				DEBUG_INFORMATION_FORMAT = "dwarf-with-dsym";
				ENABLE_NS_ASSERTIONS = NO;
				ENABLE_STRICT_OBJC_MSGSEND = YES;
				GCC_C_LANGUAGE_STANDARD = gnu11;
				GCC_NO_COMMON_BLOCKS = YES;
				GCC_WARN_64_TO_32_BIT_CONVERSION = YES;
				GCC_WARN_ABOUT_RETURN_TYPE = YES_ERROR;
				GCC_WARN_UNDECLARED_SELECTOR = YES;
				GCC_WARN_UNINITIALIZED_AUTOS = YES_AGGRESSIVE;
				GCC_WARN_UNUSED_FUNCTION = YES;
				GCC_WARN_UNUSED_VARIABLE = YES;
				IPHONEOS_DEPLOYMENT_TARGET = 11.0;
				MTL_ENABLE_DEBUG_INFO = NO;
				SDKROOT = iphoneos;
				SWIFT_OPTIMIZATION_LEVEL = "-Owholemodule";
				VALIDATE_PRODUCT = YES;
			};
			name = Release;
		};
		F49A0FA51F7EE230009EAF4D /* Debug */ = {
			isa = XCBuildConfiguration;
			baseConfigurationReference = C81023CC5E3A59F7B4EEB912 /* Pods-Lexical.debug.xcconfig */;
			buildSettings = {
				ALWAYS_EMBED_SWIFT_STANDARD_LIBRARIES = NO;
				ASSETCATALOG_COMPILER_APPICON_NAME = AppIcon;
				CLANG_ENABLE_MODULES = YES;
				CODE_SIGN_STYLE = Automatic;
				DEVELOPMENT_TEAM = 44BW684NWR;
				FRAMEWORK_SEARCH_PATHS = (
					"$(inherited)",
					"$(PROJECT_DIR)/Carthage/Build/iOS",
				);
				INFOPLIST_FILE = Lexical/Info.plist;
				LD_RUNPATH_SEARCH_PATHS = "$(inherited) @executable_path/Frameworks";
				ONLY_ACTIVE_ARCH = YES;
				PRODUCT_BUNDLE_IDENTIFIER = floriane.sanchis.Lexical;
				PRODUCT_NAME = "$(TARGET_NAME)";
				SWIFT_OBJC_BRIDGING_HEADER = "Lexical/Libraries/Lexical-Bridging-Header.h";
				SWIFT_OPTIMIZATION_LEVEL = "-Onone";
				SWIFT_VERSION = 4.0;
				TARGETED_DEVICE_FAMILY = "1,2";
			};
			name = Debug;
		};
		F49A0FA61F7EE230009EAF4D /* Release */ = {
			isa = XCBuildConfiguration;
			baseConfigurationReference = 9BA0335458B20888E42D1F73 /* Pods-Lexical.release.xcconfig */;
			buildSettings = {
				ALWAYS_EMBED_SWIFT_STANDARD_LIBRARIES = NO;
				ASSETCATALOG_COMPILER_APPICON_NAME = AppIcon;
				CLANG_ENABLE_MODULES = YES;
				CODE_SIGN_STYLE = Automatic;
				DEVELOPMENT_TEAM = 44BW684NWR;
				FRAMEWORK_SEARCH_PATHS = (
					"$(inherited)",
					"$(PROJECT_DIR)/Carthage/Build/iOS",
				);
				INFOPLIST_FILE = Lexical/Info.plist;
				LD_RUNPATH_SEARCH_PATHS = "$(inherited) @executable_path/Frameworks";
				ONLY_ACTIVE_ARCH = YES;
				PRODUCT_BUNDLE_IDENTIFIER = floriane.sanchis.Lexical;
				PRODUCT_NAME = "$(TARGET_NAME)";
				SWIFT_OBJC_BRIDGING_HEADER = "Lexical/Libraries/Lexical-Bridging-Header.h";
				SWIFT_VERSION = 4.0;
				TARGETED_DEVICE_FAMILY = "1,2";
			};
			name = Release;
		};
/* End XCBuildConfiguration section */

/* Begin XCConfigurationList section */
		F49A0F8A1F7EE230009EAF4D /* Build configuration list for PBXProject "Lexical" */ = {
			isa = XCConfigurationList;
			buildConfigurations = (
				F49A0FA21F7EE230009EAF4D /* Debug */,
				F49A0FA31F7EE230009EAF4D /* Release */,
			);
			defaultConfigurationIsVisible = 0;
			defaultConfigurationName = Release;
		};
		F49A0FA41F7EE230009EAF4D /* Build configuration list for PBXNativeTarget "Lexical" */ = {
			isa = XCConfigurationList;
			buildConfigurations = (
				F49A0FA51F7EE230009EAF4D /* Debug */,
				F49A0FA61F7EE230009EAF4D /* Release */,
			);
			defaultConfigurationIsVisible = 0;
			defaultConfigurationName = Release;
		};
/* End XCConfigurationList section */

/* Begin XCVersionGroup section */
		F4790A0E1F80043F008218EB /* Lexical.xcdatamodeld */ = {
			isa = XCVersionGroup;
			children = (
				F4790A0F1F80043F008218EB /* Lexical.xcdatamodel */,
			);
			currentVersion = F4790A0F1F80043F008218EB /* Lexical.xcdatamodel */;
			path = Lexical.xcdatamodeld;
			sourceTree = "<group>";
			versionGroupType = wrapper.xcdatamodel;
		};
/* End XCVersionGroup section */
	};
	rootObject = F49A0F871F7EE230009EAF4D /* Project object */;
}
